
Microsoft Visual Studio Solution File, Format Version 12.00
# Visual Studio Version 16
VisualStudioVersion = 16.0.31702.278
MinimumVisualStudioVersion = 10.0.40219.1
Project("{FAE04EC0-301F-11D3-BF4B-00C04F79EFBC}") = "uygulama6", "uygulama6\uygulama6.csproj", "{DB45919E-D4E6-465E-B99B-65C4C2A4C3FF}"
EndProject
Global
	GlobalSection(SolutionConfigurationPlatforms) = preSolution
		Debug|Any CPU = Debug|Any CPU
		Release|Any CPU = Release|Any CPU
	EndGlobalSection
	GlobalSection(ProjectConfigurationPlatforms) = postSolution
		{DB45919E-D4E6-465E-B99B-65C4C2A4C3FF}.Debug|Any CPU.ActiveCfg = Debug|Any CPU
		{DB45919E-D4E6-465E-B99B-65C4C2A4C3FF}.Debug|Any CPU.Build.0 = Debug|Any CPU
		{DB45919E-D4E6-465E-B99B-65C4C2A4C3FF}.Release|Any CPU.ActiveCfg = Release|Any CPU
		{DB45919E-D4E6-465E-B99B-65C4C2A4C3FF}.Release|Any CPU.Build.0 = Release|Any CPU
	EndGlobalSection
	GlobalSection(SolutionProperties) = preSolution
		HideSolutionNode = FALSE
	EndGlobalSection
	GlobalSection(ExtensibilityGlobals) = postSolution
		SolutionGuid = {39F07340-69BD-4A78-811B-B1607E52846E}
	EndGlobalSection
EndGlobal
